
Microsoft Visual Studio Solution File, Format Version 12.00
# Visual Studio Version 17
VisualStudioVersion = 17.9.34728.123
MinimumVisualStudioVersion = 10.0.40219.1
Project("{FAE04EC0-301F-11D3-BF4B-00C04F79EFBC}") = "ConsoleApp3", "ConsoleApp3\ConsoleApp3.csproj", "{96085F3B-730C-41A8-BD06-14637C772BCA}"
EndProject
Global
	GlobalSection(SolutionConfigurationPlatforms) = preSolution
		Debug|Any CPU = Debug|Any CPU
		Release|Any CPU = Release|Any CPU
	EndGlobalSection
	GlobalSection(ProjectConfigurationPlatforms) = postSolution
		{96085F3B-730C-41A8-BD06-14637C772BCA}.Debug|Any CPU.ActiveCfg = Debug|Any CPU
		{96085F3B-730C-41A8-BD06-14637C772BCA}.Debug|Any CPU.Build.0 = Debug|Any CPU
		{96085F3B-730C-41A8-BD06-14637C772BCA}.Release|Any CPU.ActiveCfg = Release|Any CPU
		{96085F3B-730C-41A8-BD06-14637C772BCA}.Release|Any CPU.Build.0 = Release|Any CPU
	EndGlobalSection
	GlobalSection(SolutionProperties) = preSolution
		HideSolutionNode = FALSE
	EndGlobalSection
	GlobalSection(ExtensibilityGlobals) = postSolution
		SolutionGuid = {8B6DC684-5533-41F6-BA48-69E9DCE40E23}
	EndGlobalSection
EndGlobal
